
Microsoft Visual Studio Solution File, Format Version 12.00
# Visual Studio Version 16
VisualStudioVersion = 16.0.31005.135
MinimumVisualStudioVersion = 10.0.40219.1
Project("{9A19103F-16F7-4668-BE54-9A1E7A4F7556}") = "BugCentre", "BugCentre\BugCentre.csproj", "{789CAE61-4264-4192-BA67-8D712D4BE360}"
EndProject
Project("{9A19103F-16F7-4668-BE54-9A1E7A4F7556}") = "Entities Library", "Entities Library\Entities Library.csproj", "{6DADF61C-7B49-49DB-AF27-4CA0A72EA1A2}"
EndProject
Project("{9A19103F-16F7-4668-BE54-9A1E7A4F7556}") = "DB Context Library", "DB Context Library\DB Context Library.csproj", "{68F47620-9E73-4E2B-8DA0-B7B57873D537}"
EndProject
Global
	GlobalSection(SolutionConfigurationPlatforms) = preSolution
		Debug|Any CPU = Debug|Any CPU
		Release|Any CPU = Release|Any CPU
	EndGlobalSection
	GlobalSection(ProjectConfigurationPlatforms) = postSolution
		{789CAE61-4264-4192-BA67-8D712D4BE360}.Debug|Any CPU.ActiveCfg = Debug|Any CPU
		{789CAE61-4264-4192-BA67-8D712D4BE360}.Debug|Any CPU.Build.0 = Debug|Any CPU
		{789CAE61-4264-4192-BA67-8D712D4BE360}.Release|Any CPU.ActiveCfg = Release|Any CPU
		{789CAE61-4264-4192-BA67-8D712D4BE360}.Release|Any CPU.Build.0 = Release|Any CPU
		{6DADF61C-7B49-49DB-AF27-4CA0A72EA1A2}.Debug|Any CPU.ActiveCfg = Debug|Any CPU
		{6DADF61C-7B49-49DB-AF27-4CA0A72EA1A2}.Debug|Any CPU.Build.0 = Debug|Any CPU
		{6DADF61C-7B49-49DB-AF27-4CA0A72EA1A2}.Release|Any CPU.ActiveCfg = Release|Any CPU
		{6DADF61C-7B49-49DB-AF27-4CA0A72EA1A2}.Release|Any CPU.Build.0 = Release|Any CPU
		{68F47620-9E73-4E2B-8DA0-B7B57873D537}.Debug|Any CPU.ActiveCfg = Debug|Any CPU
		{68F47620-9E73-4E2B-8DA0-B7B57873D537}.Debug|Any CPU.Build.0 = Debug|Any CPU
		{68F47620-9E73-4E2B-8DA0-B7B57873D537}.Release|Any CPU.ActiveCfg = Release|Any CPU
		{68F47620-9E73-4E2B-8DA0-B7B57873D537}.Release|Any CPU.Build.0 = Release|Any CPU
	EndGlobalSection
	GlobalSection(SolutionProperties) = preSolution
		HideSolutionNode = FALSE
	EndGlobalSection
	GlobalSection(ExtensibilityGlobals) = postSolution
		SolutionGuid = {E369A609-B494-431F-AD5D-6BBCF028D0D2}
	EndGlobalSection
EndGlobal
